
Microsoft Visual Studio Solution File, Format Version 12.00
# Visual Studio Version 16
VisualStudioVersion = 16.0.29326.143
MinimumVisualStudioVersion = 10.0.40219.1
Project("{FAE04EC0-301F-11D3-BF4B-00C04F79EFBC}") = "Sarah", "Sarah\Sarah.csproj", "{2938C1C2-1357-4A36-A85A-EAEA8EFB0C56}"
EndProject
Project("{FAE04EC0-301F-11D3-BF4B-00C04F79EFBC}") = "UnitTestProject1", "UnitTestProject1\UnitTestProject1.csproj", "{3A7277C5-50AE-4787-A0A9-E19B47583667}"
EndProject
Global
	GlobalSection(SolutionConfigurationPlatforms) = preSolution
		Debug|Any CPU = Debug|Any CPU
		Release|Any CPU = Release|Any CPU
	EndGlobalSection
	GlobalSection(ProjectConfigurationPlatforms) = postSolution
		{2938C1C2-1357-4A36-A85A-EAEA8EFB0C56}.Debug|Any CPU.ActiveCfg = Debug|Any CPU
		{2938C1C2-1357-4A36-A85A-EAEA8EFB0C56}.Debug|Any CPU.Build.0 = Debug|Any CPU
		{2938C1C2-1357-4A36-A85A-EAEA8EFB0C56}.Release|Any CPU.ActiveCfg = Release|Any CPU
		{2938C1C2-1357-4A36-A85A-EAEA8EFB0C56}.Release|Any CPU.Build.0 = Release|Any CPU
		{3A7277C5-50AE-4787-A0A9-E19B47583667}.Debug|Any CPU.ActiveCfg = Debug|Any CPU
		{3A7277C5-50AE-4787-A0A9-E19B47583667}.Debug|Any CPU.Build.0 = Debug|Any CPU
		{3A7277C5-50AE-4787-A0A9-E19B47583667}.Release|Any CPU.ActiveCfg = Release|Any CPU
		{3A7277C5-50AE-4787-A0A9-E19B47583667}.Release|Any CPU.Build.0 = Release|Any CPU
	EndGlobalSection
	GlobalSection(SolutionProperties) = preSolution
		HideSolutionNode = FALSE
	EndGlobalSection
	GlobalSection(ExtensibilityGlobals) = postSolution
		SolutionGuid = {0F1636D2-DC2A-4670-8E8B-829E79BE5ED7}
	EndGlobalSection
EndGlobal
